
Microsoft Visual Studio Solution File, Format Version 12.00
# Visual Studio Version 17
VisualStudioVersion = 17.3.32929.385
MinimumVisualStudioVersion = 10.0.40219.1
Project("{FAE04EC0-301F-11D3-BF4B-00C04F79EFBC}") = "HelloWorld", "HelloWorld\HelloWorld.csproj", "{C962C06F-9A30-4409-A0F2-D050293033EB}"
EndProject
Global
	GlobalSection(SolutionConfigurationPlatforms) = preSolution
		Debug|Any CPU = Debug|Any CPU
		Release|Any CPU = Release|Any CPU
	EndGlobalSection
	GlobalSection(ProjectConfigurationPlatforms) = postSolution
		{C962C06F-9A30-4409-A0F2-D050293033EB}.Debug|Any CPU.ActiveCfg = Debug|Any CPU
		{C962C06F-9A30-4409-A0F2-D050293033EB}.Debug|Any CPU.Build.0 = Debug|Any CPU
		{C962C06F-9A30-4409-A0F2-D050293033EB}.Release|Any CPU.ActiveCfg = Release|Any CPU
		{C962C06F-9A30-4409-A0F2-D050293033EB}.Release|Any CPU.Build.0 = Release|Any CPU
	EndGlobalSection
	GlobalSection(SolutionProperties) = preSolution
		HideSolutionNode = FALSE
	EndGlobalSection
	GlobalSection(ExtensibilityGlobals) = postSolution
		SolutionGuid = {3AF7789C-C2DB-4ABB-8094-96D55BC3EC6F}
	EndGlobalSection
EndGlobal
