
Microsoft Visual Studio Solution File, Format Version 12.00
# Visual Studio Version 17
VisualStudioVersion = 17.3.32929.385
MinimumVisualStudioVersion = 10.0.40219.1
Project("{FAE04EC0-301F-11D3-BF4B-00C04F79EFBC}") = "Directories", "Directories\Directories.csproj", "{479B73FD-B43E-4C3C-B95A-D0C82E75E5D7}"
EndProject
Global
	GlobalSection(SolutionConfigurationPlatforms) = preSolution
		Debug|Any CPU = Debug|Any CPU
		Release|Any CPU = Release|Any CPU
	EndGlobalSection
	GlobalSection(ProjectConfigurationPlatforms) = postSolution
		{479B73FD-B43E-4C3C-B95A-D0C82E75E5D7}.Debug|Any CPU.ActiveCfg = Debug|Any CPU
		{479B73FD-B43E-4C3C-B95A-D0C82E75E5D7}.Debug|Any CPU.Build.0 = Debug|Any CPU
		{479B73FD-B43E-4C3C-B95A-D0C82E75E5D7}.Release|Any CPU.ActiveCfg = Release|Any CPU
		{479B73FD-B43E-4C3C-B95A-D0C82E75E5D7}.Release|Any CPU.Build.0 = Release|Any CPU
	EndGlobalSection
	GlobalSection(SolutionProperties) = preSolution
		HideSolutionNode = FALSE
	EndGlobalSection
	GlobalSection(ExtensibilityGlobals) = postSolution
		SolutionGuid = {A5B592D2-3F30-4128-B8AC-734CC39E21B7}
	EndGlobalSection
EndGlobal
