
Microsoft Visual Studio Solution File, Format Version 12.00
# Visual Studio Version 17
VisualStudioVersion = 17.3.32929.385
MinimumVisualStudioVersion = 10.0.40219.1
Project("{FAE04EC0-301F-11D3-BF4B-00C04F79EFBC}") = "Lists", "Lists\Lists.csproj", "{7FE40588-B3E0-4834-AA30-78870FF0C591}"
EndProject
Global
	GlobalSection(SolutionConfigurationPlatforms) = preSolution
		Debug|Any CPU = Debug|Any CPU
		Release|Any CPU = Release|Any CPU
	EndGlobalSection
	GlobalSection(ProjectConfigurationPlatforms) = postSolution
		{7FE40588-B3E0-4834-AA30-78870FF0C591}.Debug|Any CPU.ActiveCfg = Debug|Any CPU
		{7FE40588-B3E0-4834-AA30-78870FF0C591}.Debug|Any CPU.Build.0 = Debug|Any CPU
		{7FE40588-B3E0-4834-AA30-78870FF0C591}.Release|Any CPU.ActiveCfg = Release|Any CPU
		{7FE40588-B3E0-4834-AA30-78870FF0C591}.Release|Any CPU.Build.0 = Release|Any CPU
	EndGlobalSection
	GlobalSection(SolutionProperties) = preSolution
		HideSolutionNode = FALSE
	EndGlobalSection
	GlobalSection(ExtensibilityGlobals) = postSolution
		SolutionGuid = {9CE31F71-65AD-4AC4-A4F0-BBDD30FC3C4C}
	EndGlobalSection
EndGlobal
